
Microsoft Visual Studio Solution File, Format Version 12.00
# Visual Studio Version 17
VisualStudioVersion = 17.11.35222.181
MinimumVisualStudioVersion = 10.0.40219.1
Project("{8BC9CEB8-8B4A-11D0-8D11-00A0C91BC942}") = "edlin", "win32\edlin.vcxproj", "{7CA603F8-F8D6-472B-9EE3-6AC793528DF2}"
EndProject
Project("{9A19103F-16F7-4668-BE54-9A1E7A4F7556}") = "tests", "tests\tests.csproj", "{C28CDF40-41CA-4F30-9C23-529A8A3E15FB}"
	ProjectSection(ProjectDependencies) = postProject
		{7CA603F8-F8D6-472B-9EE3-6AC793528DF2} = {7CA603F8-F8D6-472B-9EE3-6AC793528DF2}
	EndProjectSection
EndProject
Project("{9A19103F-16F7-4668-BE54-9A1E7A4F7556}") = "nlstool", "nlstool\nlstool.csproj", "{2256277D-989C-4241-9680-0C11B7EB8C94}"
	ProjectSection(ProjectDependencies) = postProject
		{7CA603F8-F8D6-472B-9EE3-6AC793528DF2} = {7CA603F8-F8D6-472B-9EE3-6AC793528DF2}
	EndProjectSection
EndProject
Global
	GlobalSection(SolutionConfigurationPlatforms) = preSolution
		Debug|Any CPU = Debug|Any CPU
		Debug|ARM = Debug|ARM
		Debug|ARM64 = Debug|ARM64
		Debug|x64 = Debug|x64
		Debug|x86 = Debug|x86
		Release|Any CPU = Release|Any CPU
		Release|ARM = Release|ARM
		Release|ARM64 = Release|ARM64
		Release|x64 = Release|x64
		Release|x86 = Release|x86
	EndGlobalSection
	GlobalSection(ProjectConfigurationPlatforms) = postSolution
		{7CA603F8-F8D6-472B-9EE3-6AC793528DF2}.Debug|Any CPU.ActiveCfg = Debug|x64
		{7CA603F8-F8D6-472B-9EE3-6AC793528DF2}.Debug|Any CPU.Build.0 = Debug|x64
		{7CA603F8-F8D6-472B-9EE3-6AC793528DF2}.Debug|ARM.ActiveCfg = Debug|ARM
		{7CA603F8-F8D6-472B-9EE3-6AC793528DF2}.Debug|ARM.Build.0 = Debug|ARM
		{7CA603F8-F8D6-472B-9EE3-6AC793528DF2}.Debug|ARM64.ActiveCfg = Debug|ARM64
		{7CA603F8-F8D6-472B-9EE3-6AC793528DF2}.Debug|ARM64.Build.0 = Debug|ARM64
		{7CA603F8-F8D6-472B-9EE3-6AC793528DF2}.Debug|x64.ActiveCfg = Debug|x64
		{7CA603F8-F8D6-472B-9EE3-6AC793528DF2}.Debug|x64.Build.0 = Debug|x64
		{7CA603F8-F8D6-472B-9EE3-6AC793528DF2}.Debug|x86.ActiveCfg = Debug|Win32
		{7CA603F8-F8D6-472B-9EE3-6AC793528DF2}.Debug|x86.Build.0 = Debug|Win32
		{7CA603F8-F8D6-472B-9EE3-6AC793528DF2}.Release|Any CPU.ActiveCfg = Release|x64
		{7CA603F8-F8D6-472B-9EE3-6AC793528DF2}.Release|Any CPU.Build.0 = Release|x64
		{7CA603F8-F8D6-472B-9EE3-6AC793528DF2}.Release|ARM.ActiveCfg = Release|ARM
		{7CA603F8-F8D6-472B-9EE3-6AC793528DF2}.Release|ARM.Build.0 = Release|ARM
		{7CA603F8-F8D6-472B-9EE3-6AC793528DF2}.Release|ARM64.ActiveCfg = Release|ARM64
		{7CA603F8-F8D6-472B-9EE3-6AC793528DF2}.Release|ARM64.Build.0 = Release|ARM64
		{7CA603F8-F8D6-472B-9EE3-6AC793528DF2}.Release|x64.ActiveCfg = Release|x64
		{7CA603F8-F8D6-472B-9EE3-6AC793528DF2}.Release|x64.Build.0 = Release|x64
		{7CA603F8-F8D6-472B-9EE3-6AC793528DF2}.Release|x86.ActiveCfg = Release|Win32
		{7CA603F8-F8D6-472B-9EE3-6AC793528DF2}.Release|x86.Build.0 = Release|Win32
		{C28CDF40-41CA-4F30-9C23-529A8A3E15FB}.Debug|Any CPU.ActiveCfg = Debug|Any CPU
		{C28CDF40-41CA-4F30-9C23-529A8A3E15FB}.Debug|Any CPU.Build.0 = Debug|Any CPU
		{C28CDF40-41CA-4F30-9C23-529A8A3E15FB}.Debug|ARM.ActiveCfg = Debug|Any CPU
		{C28CDF40-41CA-4F30-9C23-529A8A3E15FB}.Debug|ARM.Build.0 = Debug|Any CPU
		{C28CDF40-41CA-4F30-9C23-529A8A3E15FB}.Debug|ARM64.ActiveCfg = Debug|Any CPU
		{C28CDF40-41CA-4F30-9C23-529A8A3E15FB}.Debug|ARM64.Build.0 = Debug|Any CPU
		{C28CDF40-41CA-4F30-9C23-529A8A3E15FB}.Debug|x64.ActiveCfg = Debug|Any CPU
		{C28CDF40-41CA-4F30-9C23-529A8A3E15FB}.Debug|x64.Build.0 = Debug|Any CPU
		{C28CDF40-41CA-4F30-9C23-529A8A3E15FB}.Debug|x86.ActiveCfg = Debug|Any CPU
		{C28CDF40-41CA-4F30-9C23-529A8A3E15FB}.Debug|x86.Build.0 = Debug|Any CPU
		{C28CDF40-41CA-4F30-9C23-529A8A3E15FB}.Release|Any CPU.ActiveCfg = Release|Any CPU
		{C28CDF40-41CA-4F30-9C23-529A8A3E15FB}.Release|Any CPU.Build.0 = Release|Any CPU
		{C28CDF40-41CA-4F30-9C23-529A8A3E15FB}.Release|ARM.ActiveCfg = Release|Any CPU
		{C28CDF40-41CA-4F30-9C23-529A8A3E15FB}.Release|ARM.Build.0 = Release|Any CPU
		{C28CDF40-41CA-4F30-9C23-529A8A3E15FB}.Release|ARM64.ActiveCfg = Release|Any CPU
		{C28CDF40-41CA-4F30-9C23-529A8A3E15FB}.Release|ARM64.Build.0 = Release|Any CPU
		{C28CDF40-41CA-4F30-9C23-529A8A3E15FB}.Release|x64.ActiveCfg = Release|Any CPU
		{C28CDF40-41CA-4F30-9C23-529A8A3E15FB}.Release|x64.Build.0 = Release|Any CPU
		{C28CDF40-41CA-4F30-9C23-529A8A3E15FB}.Release|x86.ActiveCfg = Release|Any CPU
		{C28CDF40-41CA-4F30-9C23-529A8A3E15FB}.Release|x86.Build.0 = Release|Any CPU
		{2256277D-989C-4241-9680-0C11B7EB8C94}.Debug|Any CPU.ActiveCfg = Debug|Any CPU
		{2256277D-989C-4241-9680-0C11B7EB8C94}.Debug|Any CPU.Build.0 = Debug|Any CPU
		{2256277D-989C-4241-9680-0C11B7EB8C94}.Debug|ARM.ActiveCfg = Debug|Any CPU
		{2256277D-989C-4241-9680-0C11B7EB8C94}.Debug|ARM.Build.0 = Debug|Any CPU
		{2256277D-989C-4241-9680-0C11B7EB8C94}.Debug|ARM64.ActiveCfg = Debug|Any CPU
		{2256277D-989C-4241-9680-0C11B7EB8C94}.Debug|ARM64.Build.0 = Debug|Any CPU
		{2256277D-989C-4241-9680-0C11B7EB8C94}.Debug|x64.ActiveCfg = Debug|Any CPU
		{2256277D-989C-4241-9680-0C11B7EB8C94}.Debug|x64.Build.0 = Debug|Any CPU
		{2256277D-989C-4241-9680-0C11B7EB8C94}.Debug|x86.ActiveCfg = Debug|Any CPU
		{2256277D-989C-4241-9680-0C11B7EB8C94}.Debug|x86.Build.0 = Debug|Any CPU
		{2256277D-989C-4241-9680-0C11B7EB8C94}.Release|Any CPU.ActiveCfg = Release|Any CPU
		{2256277D-989C-4241-9680-0C11B7EB8C94}.Release|Any CPU.Build.0 = Release|Any CPU
		{2256277D-989C-4241-9680-0C11B7EB8C94}.Release|ARM.ActiveCfg = Release|Any CPU
		{2256277D-989C-4241-9680-0C11B7EB8C94}.Release|ARM.Build.0 = Release|Any CPU
		{2256277D-989C-4241-9680-0C11B7EB8C94}.Release|ARM64.ActiveCfg = Release|Any CPU
		{2256277D-989C-4241-9680-0C11B7EB8C94}.Release|ARM64.Build.0 = Release|Any CPU
		{2256277D-989C-4241-9680-0C11B7EB8C94}.Release|x64.ActiveCfg = Release|Any CPU
		{2256277D-989C-4241-9680-0C11B7EB8C94}.Release|x64.Build.0 = Release|Any CPU
		{2256277D-989C-4241-9680-0C11B7EB8C94}.Release|x86.ActiveCfg = Release|Any CPU
		{2256277D-989C-4241-9680-0C11B7EB8C94}.Release|x86.Build.0 = Release|Any CPU
	EndGlobalSection
	GlobalSection(SolutionProperties) = preSolution
		HideSolutionNode = FALSE
	EndGlobalSection
	GlobalSection(ExtensibilityGlobals) = postSolution
		SolutionGuid = {7EB99473-4449-4D93-8179-EAFCE823F8F3}
	EndGlobalSection
EndGlobal
